
Microsoft Visual Studio Solution File, Format Version 12.00
# Visual Studio 15
Project("{FAE04EC0-301F-11D3-BF4B-00C04F79EFBC}") = "CabInvoiceGenerator", "CabInvoiceGenerator\CabInvoiceGenerator.csproj", "{F4AAFC8B-A50F-435D-BF9B-2E4B0BEC321E}"
EndProject
Global
	GlobalSection(SolutionConfigurationPlatforms) = preSolution
		Debug|Any CPU = Debug|Any CPU
		Release|Any CPU = Release|Any CPU
	EndGlobalSection
	GlobalSection(ProjectConfigurationPlatforms) = postSolution
		{F4AAFC8B-A50F-435D-BF9B-2E4B0BEC321E}.Debug|Any CPU.ActiveCfg = Debug|Any CPU
		{F4AAFC8B-A50F-435D-BF9B-2E4B0BEC321E}.Debug|Any CPU.Build.0 = Debug|Any CPU
		{F4AAFC8B-A50F-435D-BF9B-2E4B0BEC321E}.Release|Any CPU.ActiveCfg = Release|Any CPU
		{F4AAFC8B-A50F-435D-BF9B-2E4B0BEC321E}.Release|Any CPU.Build.0 = Release|Any CPU
	EndGlobalSection
EndGlobal
